// !$*UTF8*$!
{
	archiveVersion = 1;
	classes = {
	};
	objectVersion = 48;
	objects = {

/* Begin PBXBuildFile section */
		3D39D8641F92AB4500A2C6AA /* AppDelegate.swift in Sources */ = {isa = PBXBuildFile; fileRef = 3D39D8631F92AB4500A2C6AA /* AppDelegate.swift */; };
		3D39D86B1F92AB4500A2C6AA /* Assets.xcassets in Resources */ = {isa = PBXBuildFile; fileRef = 3D39D86A1F92AB4500A2C6AA /* Assets.xcassets */; };
		3D39D8791F92AB4600A2C6AA /* APOTDTests.swift in Sources */ = {isa = PBXBuildFile; fileRef = 3D39D8781F92AB4600A2C6AA /* APOTDTests.swift */; };
		3D39D8841F92AB4600A2C6AA /* APOTDUITests.swift in Sources */ = {isa = PBXBuildFile; fileRef = 3D39D8831F92AB4600A2C6AA /* APOTDUITests.swift */; };
		3D39D8971F92ADEA00A2C6AA /* PictureViewController.swift in Sources */ = {isa = PBXBuildFile; fileRef = 3D39D8951F92ADEA00A2C6AA /* PictureViewController.swift */; };
		3D39D8981F92ADEA00A2C6AA /* PictureViewController.xib in Resources */ = {isa = PBXBuildFile; fileRef = 3D39D8961F92ADEA00A2C6AA /* PictureViewController.xib */; };
		3D39D89B1F92AF0C00A2C6AA /* AppCoordinator.swift in Sources */ = {isa = PBXBuildFile; fileRef = 3D39D89A1F92AF0C00A2C6AA /* AppCoordinator.swift */; };
		3D39D89D1F92AF7F00A2C6AA /* RootViewController.swift in Sources */ = {isa = PBXBuildFile; fileRef = 3D39D89C1F92AF7F00A2C6AA /* RootViewController.swift */; };
		3D39D89F1F92AFAB00A2C6AA /* Coordinator.swift in Sources */ = {isa = PBXBuildFile; fileRef = 3D39D89E1F92AFAB00A2C6AA /* Coordinator.swift */; };
		3D45FC981F994A5C00F4FCAA /* PictureViewModel.swift in Sources */ = {isa = PBXBuildFile; fileRef = 3D45FC971F994A5C00F4FCAA /* PictureViewModel.swift */; };
		3D45FC9B1F9B698300F4FCAA /* UIImageViewExtension.swift in Sources */ = {isa = PBXBuildFile; fileRef = 3D45FC9A1F9B698300F4FCAA /* UIImageViewExtension.swift */; };
		3D88FA251F93FD18005D6D3E /* LaunchScreen.storyboard in Resources */ = {isa = PBXBuildFile; fileRef = 3D88FA241F93FD18005D6D3E /* LaunchScreen.storyboard */; };
		3D88FA281F941FAC005D6D3E /* ViewControllerFactory.swift in Sources */ = {isa = PBXBuildFile; fileRef = 3D88FA271F941FAC005D6D3E /* ViewControllerFactory.swift */; };
		3D88FA2B1F968171005D6D3E /* APOTDService.swift in Sources */ = {isa = PBXBuildFile; fileRef = 3D88FA2A1F968171005D6D3E /* APOTDService.swift */; };
/* End PBXBuildFile section */

/* Begin PBXContainerItemProxy section */
		3D39D8751F92AB4600A2C6AA /* PBXContainerItemProxy */ = {
			isa = PBXContainerItemProxy;
			containerPortal = 3D39D8581F92AB4500A2C6AA /* Project object */;
			proxyType = 1;
			remoteGlobalIDString = 3D39D85F1F92AB4500A2C6AA;
			remoteInfo = APOTD;
		};
		3D39D8801F92AB4600A2C6AA /* PBXContainerItemProxy */ = {
			isa = PBXContainerItemProxy;
			containerPortal = 3D39D8581F92AB4500A2C6AA /* Project object */;
			proxyType = 1;
			remoteGlobalIDString = 3D39D85F1F92AB4500A2C6AA;
			remoteInfo = APOTD;
		};
/* End PBXContainerItemProxy section */

/* Begin PBXFileReference section */
		3D39D8601F92AB4500A2C6AA /* APOTD.app */ = {isa = PBXFileReference; explicitFileType = wrapper.application; includeInIndex = 0; path = APOTD.app; sourceTree = BUILT_PRODUCTS_DIR; };
		3D39D8631F92AB4500A2C6AA /* AppDelegate.swift */ = {isa = PBXFileReference; lastKnownFileType = sourcecode.swift; path = AppDelegate.swift; sourceTree = "<group>"; };
		3D39D86A1F92AB4500A2C6AA /* Assets.xcassets */ = {isa = PBXFileReference; lastKnownFileType = folder.assetcatalog; path = Assets.xcassets; sourceTree = "<group>"; };
		3D39D86F1F92AB4500A2C6AA /* Info.plist */ = {isa = PBXFileReference; lastKnownFileType = text.plist.xml; path = Info.plist; sourceTree = "<group>"; };
		3D39D8741F92AB4600A2C6AA /* APOTDTests.xctest */ = {isa = PBXFileReference; explicitFileType = wrapper.cfbundle; includeInIndex = 0; path = APOTDTests.xctest; sourceTree = BUILT_PRODUCTS_DIR; };
		3D39D8781F92AB4600A2C6AA /* APOTDTests.swift */ = {isa = PBXFileReference; lastKnownFileType = sourcecode.swift; path = APOTDTests.swift; sourceTree = "<group>"; };
		3D39D87A1F92AB4600A2C6AA /* Info.plist */ = {isa = PBXFileReference; lastKnownFileType = text.plist.xml; path = Info.plist; sourceTree = "<group>"; };
		3D39D87F1F92AB4600A2C6AA /* APOTDUITests.xctest */ = {isa = PBXFileReference; explicitFileType = wrapper.cfbundle; includeInIndex = 0; path = APOTDUITests.xctest; sourceTree = BUILT_PRODUCTS_DIR; };
		3D39D8831F92AB4600A2C6AA /* APOTDUITests.swift */ = {isa = PBXFileReference; lastKnownFileType = sourcecode.swift; path = APOTDUITests.swift; sourceTree = "<group>"; };
		3D39D8851F92AB4600A2C6AA /* Info.plist */ = {isa = PBXFileReference; lastKnownFileType = text.plist.xml; path = Info.plist; sourceTree = "<group>"; };
		3D39D8951F92ADEA00A2C6AA /* PictureViewController.swift */ = {isa = PBXFileReference; lastKnownFileType = sourcecode.swift; path = PictureViewController.swift; sourceTree = "<group>"; };
		3D39D8961F92ADEA00A2C6AA /* PictureViewController.xib */ = {isa = PBXFileReference; lastKnownFileType = file.xib; path = PictureViewController.xib; sourceTree = "<group>"; };
		3D39D89A1F92AF0C00A2C6AA /* AppCoordinator.swift */ = {isa = PBXFileReference; lastKnownFileType = sourcecode.swift; path = AppCoordinator.swift; sourceTree = "<group>"; };
		3D39D89C1F92AF7F00A2C6AA /* RootViewController.swift */ = {isa = PBXFileReference; lastKnownFileType = sourcecode.swift; path = RootViewController.swift; sourceTree = "<group>"; };
		3D39D89E1F92AFAB00A2C6AA /* Coordinator.swift */ = {isa = PBXFileReference; lastKnownFileType = sourcecode.swift; path = Coordinator.swift; sourceTree = "<group>"; };
		3D45FC971F994A5C00F4FCAA /* PictureViewModel.swift */ = {isa = PBXFileReference; lastKnownFileType = sourcecode.swift; path = PictureViewModel.swift; sourceTree = "<group>"; };
		3D45FC9A1F9B698300F4FCAA /* UIImageViewExtension.swift */ = {isa = PBXFileReference; lastKnownFileType = sourcecode.swift; path = UIImageViewExtension.swift; sourceTree = "<group>"; };
		3D88FA241F93FD18005D6D3E /* LaunchScreen.storyboard */ = {isa = PBXFileReference; lastKnownFileType = file.storyboard; path = LaunchScreen.storyboard; sourceTree = "<group>"; };
		3D88FA271F941FAC005D6D3E /* ViewControllerFactory.swift */ = {isa = PBXFileReference; lastKnownFileType = sourcecode.swift; path = ViewControllerFactory.swift; sourceTree = "<group>"; };
		3D88FA2A1F968171005D6D3E /* APOTDService.swift */ = {isa = PBXFileReference; lastKnownFileType = sourcecode.swift; path = APOTDService.swift; sourceTree = "<group>"; };
/* End PBXFileReference section */

/* Begin PBXFrameworksBuildPhase section */
		3D39D85D1F92AB4500A2C6AA /* Frameworks */ = {
			isa = PBXFrameworksBuildPhase;
			buildActionMask = 2147483647;
			files = (
			);
			runOnlyForDeploymentPostprocessing = 0;
		};
		3D39D8711F92AB4500A2C6AA /* Frameworks */ = {
			isa = PBXFrameworksBuildPhase;
			buildActionMask = 2147483647;
			files = (
			);
			runOnlyForDeploymentPostprocessing = 0;
		};
		3D39D87C1F92AB4600A2C6AA /* Frameworks */ = {
			isa = PBXFrameworksBuildPhase;
			buildActionMask = 2147483647;
			files = (
			);
			runOnlyForDeploymentPostprocessing = 0;
		};
/* End PBXFrameworksBuildPhase section */

/* Begin PBXGroup section */
		3D39D8571F92AB4500A2C6AA = {
			isa = PBXGroup;
			children = (
				3D39D8621F92AB4500A2C6AA /* APOTD */,
				3D39D8771F92AB4600A2C6AA /* APOTDTests */,
				3D39D8821F92AB4600A2C6AA /* APOTDUITests */,
				3D39D8611F92AB4500A2C6AA /* Products */,
			);
			sourceTree = "<group>";
		};
		3D39D8611F92AB4500A2C6AA /* Products */ = {
			isa = PBXGroup;
			children = (
				3D39D8601F92AB4500A2C6AA /* APOTD.app */,
				3D39D8741F92AB4600A2C6AA /* APOTDTests.xctest */,
				3D39D87F1F92AB4600A2C6AA /* APOTDUITests.xctest */,
			);
			name = Products;
			sourceTree = "<group>";
		};
		3D39D8621F92AB4500A2C6AA /* APOTD */ = {
			isa = PBXGroup;
			children = (
				3D45FC991F9B694400F4FCAA /* Infrastructure */,
				3D45FC961F994A4000F4FCAA /* ViewModels */,
				3D88FA261F941E89005D6D3E /* Services */,
				3D39D8991F92AE2300A2C6AA /* Coordinators */,
				3D39D8921F92ACB700A2C6AA /* Views */,
				3D39D8631F92AB4500A2C6AA /* AppDelegate.swift */,
				3D39D86A1F92AB4500A2C6AA /* Assets.xcassets */,
				3D39D86F1F92AB4500A2C6AA /* Info.plist */,
			);
			path = APOTD;
			sourceTree = "<group>";
		};
		3D39D8771F92AB4600A2C6AA /* APOTDTests */ = {
			isa = PBXGroup;
			children = (
				3D39D8781F92AB4600A2C6AA /* APOTDTests.swift */,
				3D39D87A1F92AB4600A2C6AA /* Info.plist */,
			);
			path = APOTDTests;
			sourceTree = "<group>";
		};
		3D39D8821F92AB4600A2C6AA /* APOTDUITests */ = {
			isa = PBXGroup;
			children = (
				3D39D8831F92AB4600A2C6AA /* APOTDUITests.swift */,
				3D39D8851F92AB4600A2C6AA /* Info.plist */,
			);
			path = APOTDUITests;
			sourceTree = "<group>";
		};
		3D39D8921F92ACB700A2C6AA /* Views */ = {
			isa = PBXGroup;
			children = (
				3D39D8951F92ADEA00A2C6AA /* PictureViewController.swift */,
				3D39D8961F92ADEA00A2C6AA /* PictureViewController.xib */,
				3D88FA241F93FD18005D6D3E /* LaunchScreen.storyboard */,
			);
			path = Views;
			sourceTree = "<group>";
		};
		3D39D8991F92AE2300A2C6AA /* Coordinators */ = {
			isa = PBXGroup;
			children = (
				3D39D89A1F92AF0C00A2C6AA /* AppCoordinator.swift */,
				3D39D89C1F92AF7F00A2C6AA /* RootViewController.swift */,
				3D39D89E1F92AFAB00A2C6AA /* Coordinator.swift */,
			);
			path = Coordinators;
			sourceTree = "<group>";
		};
		3D45FC961F994A4000F4FCAA /* ViewModels */ = {
			isa = PBXGroup;
			children = (
				3D45FC971F994A5C00F4FCAA /* PictureViewModel.swift */,
			);
			path = ViewModels;
			sourceTree = "<group>";
		};
		3D45FC991F9B694400F4FCAA /* Infrastructure */ = {
			isa = PBXGroup;
			children = (
				3D45FC9A1F9B698300F4FCAA /* UIImageViewExtension.swift */,
			);
			path = Infrastructure;
			sourceTree = "<group>";
		};
		3D88FA261F941E89005D6D3E /* Services */ = {
			isa = PBXGroup;
			children = (
				3D88FA271F941FAC005D6D3E /* ViewControllerFactory.swift */,
				3D88FA2A1F968171005D6D3E /* APOTDService.swift */,
			);
			path = Services;
			sourceTree = "<group>";
		};
/* End PBXGroup section */

/* Begin PBXNativeTarget section */
		3D39D85F1F92AB4500A2C6AA /* APOTD */ = {
			isa = PBXNativeTarget;
			buildConfigurationList = 3D39D8881F92AB4600A2C6AA /* Build configuration list for PBXNativeTarget "APOTD" */;
			buildPhases = (
				3D39D85C1F92AB4500A2C6AA /* Sources */,
				3D39D85D1F92AB4500A2C6AA /* Frameworks */,
				3D88FA291F9631FB005D6D3E /* ShellScript */,
				3D39D85E1F92AB4500A2C6AA /* Resources */,
			);
			buildRules = (
			);
			dependencies = (
			);
			name = APOTD;
			productName = APOTD;
			productReference = 3D39D8601F92AB4500A2C6AA /* APOTD.app */;
			productType = "com.apple.product-type.application";
		};
		3D39D8731F92AB4500A2C6AA /* APOTDTests */ = {
			isa = PBXNativeTarget;
			buildConfigurationList = 3D39D88B1F92AB4600A2C6AA /* Build configuration list for PBXNativeTarget "APOTDTests" */;
			buildPhases = (
				3D39D8701F92AB4500A2C6AA /* Sources */,
				3D39D8711F92AB4500A2C6AA /* Frameworks */,
				3D39D8721F92AB4500A2C6AA /* Resources */,
			);
			buildRules = (
			);
			dependencies = (
				3D39D8761F92AB4600A2C6AA /* PBXTargetDependency */,
			);
			name = APOTDTests;
			productName = APOTDTests;
			productReference = 3D39D8741F92AB4600A2C6AA /* APOTDTests.xctest */;
			productType = "com.apple.product-type.bundle.unit-test";
		};
		3D39D87E1F92AB4600A2C6AA /* APOTDUITests */ = {
			isa = PBXNativeTarget;
			buildConfigurationList = 3D39D88E1F92AB4600A2C6AA /* Build configuration list for PBXNativeTarget "APOTDUITests" */;
			buildPhases = (
				3D39D87B1F92AB4600A2C6AA /* Sources */,
				3D39D87C1F92AB4600A2C6AA /* Frameworks */,
				3D39D87D1F92AB4600A2C6AA /* Resources */,
			);
			buildRules = (
			);
			dependencies = (
				3D39D8811F92AB4600A2C6AA /* PBXTargetDependency */,
			);
			name = APOTDUITests;
			productName = APOTDUITests;
			productReference = 3D39D87F1F92AB4600A2C6AA /* APOTDUITests.xctest */;
			productType = "com.apple.product-type.bundle.ui-testing";
		};
/* End PBXNativeTarget section */

/* Begin PBXProject section */
		3D39D8581F92AB4500A2C6AA /* Project object */ = {
			isa = PBXProject;
			attributes = {
				LastSwiftUpdateCheck = 0900;
				LastUpgradeCheck = 0900;
				ORGANIZATIONNAME = "Willsolve LLP";
				TargetAttributes = {
					3D39D85F1F92AB4500A2C6AA = {
						CreatedOnToolsVersion = 9.0;
						ProvisioningStyle = Automatic;
					};
					3D39D8731F92AB4500A2C6AA = {
						CreatedOnToolsVersion = 9.0;
						ProvisioningStyle = Automatic;
						TestTargetID = 3D39D85F1F92AB4500A2C6AA;
					};
					3D39D87E1F92AB4600A2C6AA = {
						CreatedOnToolsVersion = 9.0;
						ProvisioningStyle = Automatic;
						TestTargetID = 3D39D85F1F92AB4500A2C6AA;
					};
				};
			};
			buildConfigurationList = 3D39D85B1F92AB4500A2C6AA /* Build configuration list for PBXProject "APOTD" */;
			compatibilityVersion = "Xcode 8.0";
			developmentRegion = en;
			hasScannedForEncodings = 0;
			knownRegions = (
				en,
				Base,
			);
			mainGroup = 3D39D8571F92AB4500A2C6AA;
			productRefGroup = 3D39D8611F92AB4500A2C6AA /* Products */;
			projectDirPath = "";
			projectRoot = "";
			targets = (
				3D39D85F1F92AB4500A2C6AA /* APOTD */,
				3D39D8731F92AB4500A2C6AA /* APOTDTests */,
				3D39D87E1F92AB4600A2C6AA /* APOTDUITests */,
			);
		};
/* End PBXProject section */

/* Begin PBXResourcesBuildPhase section */
		3D39D85E1F92AB4500A2C6AA /* Resources */ = {
			isa = PBXResourcesBuildPhase;
			buildActionMask = 2147483647;
			files = (
				3D88FA251F93FD18005D6D3E /* LaunchScreen.storyboard in Resources */,
				3D39D8981F92ADEA00A2C6AA /* PictureViewController.xib in Resources */,
				3D39D86B1F92AB4500A2C6AA /* Assets.xcassets in Resources */,
			);
			runOnlyForDeploymentPostprocessing = 0;
		};
		3D39D8721F92AB4500A2C6AA /* Resources */ = {
			isa = PBXResourcesBuildPhase;
			buildActionMask = 2147483647;
			files = (
			);
			runOnlyForDeploymentPostprocessing = 0;
		};
		3D39D87D1F92AB4600A2C6AA /* Resources */ = {
			isa = PBXResourcesBuildPhase;
			buildActionMask = 2147483647;
			files = (
			);
			runOnlyForDeploymentPostprocessing = 0;
		};
/* End PBXResourcesBuildPhase section */

/* Begin PBXShellScriptBuildPhase section */
		3D88FA291F9631FB005D6D3E /* ShellScript */ = {
			isa = PBXShellScriptBuildPhase;
			buildActionMask = 2147483647;
			files = (
			);
			inputPaths = (
			);
			outputPaths = (
			);
			runOnlyForDeploymentPostprocessing = 0;
			shellPath = /bin/sh;
			shellScript = "# From: https://stackoverflow.com/questions/33583621/show-version-of-app-in-launch-screen-with-swift\n\n#   ON/OFF Script Toggle (script ON with #, script OFF without #)\n#exit 0\n\n#   Increment build number\nbuildNumber=$(/usr/libexec/PlistBuddy -c \"Print CFBundleVersion\" \"${PROJECT_DIR}/${INFOPLIST_FILE}\")\nbuildNumber=$(($buildNumber + 1))\n/usr/libexec/PlistBuddy -c \"Set :CFBundleVersion $buildNumber\" \"${PROJECT_DIR}/${INFOPLIST_FILE}\"\n\n#   Output version & build numbers into a label on LaunchScreen.storyboard\nversionNumber=$(/usr/libexec/PlistBuddy -c \"Print :CFBundleShortVersionString\" \"${PROJECT_DIR}/${INFOPLIST_FILE}\")\nsed -i bak -e \"/userLabel=\\\"APP_VERSION\\\"/s/text=\\\"[^\\\"]*\\\"/text=\\\"Version: $versionNumber Build: $buildNumber\\\"/\" $PROJECT_DIR/APOTD/Views/LaunchScreen.storyboard";
		};
/* End PBXShellScriptBuildPhase section */

/* Begin PBXSourcesBuildPhase section */
		3D39D85C1F92AB4500A2C6AA /* Sources */ = {
			isa = PBXSourcesBuildPhase;
			buildActionMask = 2147483647;
			files = (
				3D39D89D1F92AF7F00A2C6AA /* RootViewController.swift in Sources */,
				3D45FC981F994A5C00F4FCAA /* PictureViewModel.swift in Sources */,
				3D88FA2B1F968171005D6D3E /* APOTDService.swift in Sources */,
				3D39D89B1F92AF0C00A2C6AA /* AppCoordinator.swift in Sources */,
				3D39D89F1F92AFAB00A2C6AA /* Coordinator.swift in Sources */,
				3D45FC9B1F9B698300F4FCAA /* UIImageViewExtension.swift in Sources */,
				3D88FA281F941FAC005D6D3E /* ViewControllerFactory.swift in Sources */,
				3D39D8971F92ADEA00A2C6AA /* PictureViewController.swift in Sources */,
				3D39D8641F92AB4500A2C6AA /* AppDelegate.swift in Sources */,
			);
			runOnlyForDeploymentPostprocessing = 0;
		};
		3D39D8701F92AB4500A2C6AA /* Sources */ = {
			isa = PBXSourcesBuildPhase;
			buildActionMask = 2147483647;
			files = (
				3D39D8791F92AB4600A2C6AA /* APOTDTests.swift in Sources */,
			);
			runOnlyForDeploymentPostprocessing = 0;
		};
		3D39D87B1F92AB4600A2C6AA /* Sources */ = {
			isa = PBXSourcesBuildPhase;
			buildActionMask = 2147483647;
			files = (
				3D39D8841F92AB4600A2C6AA /* APOTDUITests.swift in Sources */,
			);
			runOnlyForDeploymentPostprocessing = 0;
		};
/* End PBXSourcesBuildPhase section */

/* Begin PBXTargetDependency section */
		3D39D8761F92AB4600A2C6AA /* PBXTargetDependency */ = {
			isa = PBXTargetDependency;
			target = 3D39D85F1F92AB4500A2C6AA /* APOTD */;
			targetProxy = 3D39D8751F92AB4600A2C6AA /* PBXContainerItemProxy */;
		};
		3D39D8811F92AB4600A2C6AA /* PBXTargetDependency */ = {
			isa = PBXTargetDependency;
			target = 3D39D85F1F92AB4500A2C6AA /* APOTD */;
			targetProxy = 3D39D8801F92AB4600A2C6AA /* PBXContainerItemProxy */;
		};
/* End PBXTargetDependency section */

/* Begin XCBuildConfiguration section */
		3D39D8861F92AB4600A2C6AA /* Debug */ = {
			isa = XCBuildConfiguration;
			buildSettings = {
				ALWAYS_SEARCH_USER_PATHS = NO;
				CLANG_ANALYZER_NONNULL = YES;
				CLANG_ANALYZER_NUMBER_OBJECT_CONVERSION = YES_AGGRESSIVE;
				CLANG_CXX_LANGUAGE_STANDARD = "gnu++14";
				CLANG_CXX_LIBRARY = "libc++";
				CLANG_ENABLE_MODULES = YES;
				CLANG_ENABLE_OBJC_ARC = YES;
				CLANG_WARN_BLOCK_CAPTURE_AUTORELEASING = YES;
				CLANG_WARN_BOOL_CONVERSION = YES;
				CLANG_WARN_COMMA = YES;
				CLANG_WARN_CONSTANT_CONVERSION = YES;
				CLANG_WARN_DIRECT_OBJC_ISA_USAGE = YES_ERROR;
				CLANG_WARN_DOCUMENTATION_COMMENTS = YES;
				CLANG_WARN_EMPTY_BODY = YES;
				CLANG_WARN_ENUM_CONVERSION = YES;
				CLANG_WARN_INFINITE_RECURSION = YES;
				CLANG_WARN_INT_CONVERSION = YES;
				CLANG_WARN_NON_LITERAL_NULL_CONVERSION = YES;
				CLANG_WARN_OBJC_LITERAL_CONVERSION = YES;
				CLANG_WARN_OBJC_ROOT_CLASS = YES_ERROR;
				CLANG_WARN_RANGE_LOOP_ANALYSIS = YES;
				CLANG_WARN_STRICT_PROTOTYPES = YES;
				CLANG_WARN_SUSPICIOUS_MOVE = YES;
				CLANG_WARN_UNGUARDED_AVAILABILITY = YES_AGGRESSIVE;
				CLANG_WARN_UNREACHABLE_CODE = YES;
				CLANG_WARN__DUPLICATE_METHOD_MATCH = YES;
				CODE_SIGN_IDENTITY = "iPhone Developer";
				COPY_PHASE_STRIP = NO;
				DEBUG_INFORMATION_FORMAT = dwarf;
				ENABLE_STRICT_OBJC_MSGSEND = YES;
				ENABLE_TESTABILITY = YES;
				GCC_C_LANGUAGE_STANDARD = gnu11;
				GCC_DYNAMIC_NO_PIC = NO;
				GCC_NO_COMMON_BLOCKS = YES;
				GCC_OPTIMIZATION_LEVEL = 0;
				GCC_PREPROCESSOR_DEFINITIONS = (
					"DEBUG=1",
					"$(inherited)",
				);
				GCC_WARN_64_TO_32_BIT_CONVERSION = YES;
				GCC_WARN_ABOUT_RETURN_TYPE = YES_ERROR;
				GCC_WARN_UNDECLARED_SELECTOR = YES;
				GCC_WARN_UNINITIALIZED_AUTOS = YES_AGGRESSIVE;
				GCC_WARN_UNUSED_FUNCTION = YES;
				GCC_WARN_UNUSED_VARIABLE = YES;
				IPHONEOS_DEPLOYMENT_TARGET = 11.0;
				MTL_ENABLE_DEBUG_INFO = YES;
				ONLY_ACTIVE_ARCH = YES;
				SDKROOT = iphoneos;
				SWIFT_ACTIVE_COMPILATION_CONDITIONS = DEBUG;
				SWIFT_OPTIMIZATION_LEVEL = "-Onone";
			};
			name = Debug;
		};
		3D39D8871F92AB4600A2C6AA /* Release */ = {
			isa = XCBuildConfiguration;
			buildSettings = {
				ALWAYS_SEARCH_USER_PATHS = NO;
				CLANG_ANALYZER_NONNULL = YES;
				CLANG_ANALYZER_NUMBER_OBJECT_CONVERSION = YES_AGGRESSIVE;
				CLANG_CXX_LANGUAGE_STANDARD = "gnu++14";
				CLANG_CXX_LIBRARY = "libc++";
				CLANG_ENABLE_MODULES = YES;
				CLANG_ENABLE_OBJC_ARC = YES;
				CLANG_WARN_BLOCK_CAPTURE_AUTORELEASING = YES;
				CLANG_WARN_BOOL_CONVERSION = YES;
				CLANG_WARN_COMMA = YES;
				CLANG_WARN_CONSTANT_CONVERSION = YES;
				CLANG_WARN_DIRECT_OBJC_ISA_USAGE = YES_ERROR;
				CLANG_WARN_DOCUMENTATION_COMMENTS = YES;
				CLANG_WARN_EMPTY_BODY = YES;
				CLANG_WARN_ENUM_CONVERSION = YES;
				CLANG_WARN_INFINITE_RECURSION = YES;
				CLANG_WARN_INT_CONVERSION = YES;
				CLANG_WARN_NON_LITERAL_NULL_CONVERSION = YES;
				CLANG_WARN_OBJC_LITERAL_CONVERSION = YES;
				CLANG_WARN_OBJC_ROOT_CLASS = YES_ERROR;
				CLANG_WARN_RANGE_LOOP_ANALYSIS = YES;
				CLANG_WARN_STRICT_PROTOTYPES = YES;
				CLANG_WARN_SUSPICIOUS_MOVE = YES;
				CLANG_WARN_UNGUARDED_AVAILABILITY = YES_AGGRESSIVE;
				CLANG_WARN_UNREACHABLE_CODE = YES;
				CLANG_WARN__DUPLICATE_METHOD_MATCH = YES;
				CODE_SIGN_IDENTITY = "iPhone Developer";
				COPY_PHASE_STRIP = NO;
				DEBUG_INFORMATION_FORMAT = "dwarf-with-dsym";
				ENABLE_NS_ASSERTIONS = NO;
				ENABLE_STRICT_OBJC_MSGSEND = YES;
				GCC_C_LANGUAGE_STANDARD = gnu11;
				GCC_NO_COMMON_BLOCKS = YES;
				GCC_WARN_64_TO_32_BIT_CONVERSION = YES;
				GCC_WARN_ABOUT_RETURN_TYPE = YES_ERROR;
				GCC_WARN_UNDECLARED_SELECTOR = YES;
				GCC_WARN_UNINITIALIZED_AUTOS = YES_AGGRESSIVE;
				GCC_WARN_UNUSED_FUNCTION = YES;
				GCC_WARN_UNUSED_VARIABLE = YES;
				IPHONEOS_DEPLOYMENT_TARGET = 11.0;
				MTL_ENABLE_DEBUG_INFO = NO;
				SDKROOT = iphoneos;
				SWIFT_OPTIMIZATION_LEVEL = "-Owholemodule";
				VALIDATE_PRODUCT = YES;
			};
			name = Release;
		};
		3D39D8891F92AB4600A2C6AA /* Debug */ = {
			isa = XCBuildConfiguration;
			buildSettings = {
				ASSETCATALOG_COMPILER_APPICON_NAME = AppIcon;
				CODE_SIGN_STYLE = Automatic;
				DEVELOPMENT_TEAM = DT9W6CN32N;
				INFOPLIST_FILE = APOTD/Info.plist;
				LD_RUNPATH_SEARCH_PATHS = "$(inherited) @executable_path/Frameworks";
				PRODUCT_BUNDLE_IDENTIFIER = uk.co.willsolve.APOTD;
				PRODUCT_NAME = "$(TARGET_NAME)";
				SWIFT_VERSION = 4.0;
				TARGETED_DEVICE_FAMILY = "1,2";
			};
			name = Debug;
		};
		3D39D88A1F92AB4600A2C6AA /* Release */ = {
			isa = XCBuildConfiguration;
			buildSettings = {
				ASSETCATALOG_COMPILER_APPICON_NAME = AppIcon;
				CODE_SIGN_STYLE = Automatic;
				DEVELOPMENT_TEAM = DT9W6CN32N;
				INFOPLIST_FILE = APOTD/Info.plist;
				LD_RUNPATH_SEARCH_PATHS = "$(inherited) @executable_path/Frameworks";
				PRODUCT_BUNDLE_IDENTIFIER = uk.co.willsolve.APOTD;
				PRODUCT_NAME = "$(TARGET_NAME)";
				SWIFT_VERSION = 4.0;
				TARGETED_DEVICE_FAMILY = "1,2";
			};
			name = Release;
		};
		3D39D88C1F92AB4600A2C6AA /* Debug */ = {
			isa = XCBuildConfiguration;
			buildSettings = {
				ALWAYS_EMBED_SWIFT_STANDARD_LIBRARIES = YES;
				BUNDLE_LOADER = "$(TEST_HOST)";
				CODE_SIGN_STYLE = Automatic;
				DEVELOPMENT_TEAM = DT9W6CN32N;
				INFOPLIST_FILE = APOTDTests/Info.plist;
				LD_RUNPATH_SEARCH_PATHS = "$(inherited) @executable_path/Frameworks @loader_path/Frameworks";
				PRODUCT_BUNDLE_IDENTIFIER = uk.co.willsolve.APOTDTests;
				PRODUCT_NAME = "$(TARGET_NAME)";
				SWIFT_VERSION = 4.0;
				TARGETED_DEVICE_FAMILY = "1,2";
				TEST_HOST = "$(BUILT_PRODUCTS_DIR)/APOTD.app/APOTD";
			};
			name = Debug;
		};
		3D39D88D1F92AB4600A2C6AA /* Release */ = {
			isa = XCBuildConfiguration;
			buildSettings = {
				ALWAYS_EMBED_SWIFT_STANDARD_LIBRARIES = YES;
				BUNDLE_LOADER = "$(TEST_HOST)";
				CODE_SIGN_STYLE = Automatic;
				DEVELOPMENT_TEAM = DT9W6CN32N;
				INFOPLIST_FILE = APOTDTests/Info.plist;
				LD_RUNPATH_SEARCH_PATHS = "$(inherited) @executable_path/Frameworks @loader_path/Frameworks";
				PRODUCT_BUNDLE_IDENTIFIER = uk.co.willsolve.APOTDTests;
				PRODUCT_NAME = "$(TARGET_NAME)";
				SWIFT_VERSION = 4.0;
				TARGETED_DEVICE_FAMILY = "1,2";
				TEST_HOST = "$(BUILT_PRODUCTS_DIR)/APOTD.app/APOTD";
			};
			name = Release;
		};
		3D39D88F1F92AB4600A2C6AA /* Debug */ = {
			isa = XCBuildConfiguration;
			buildSettings = {
				ALWAYS_EMBED_SWIFT_STANDARD_LIBRARIES = YES;
				CODE_SIGN_STYLE = Automatic;
				DEVELOPMENT_TEAM = DT9W6CN32N;
				INFOPLIST_FILE = APOTDUITests/Info.plist;
				LD_RUNPATH_SEARCH_PATHS = "$(inherited) @executable_path/Frameworks @loader_path/Frameworks";
				PRODUCT_BUNDLE_IDENTIFIER = uk.co.willsolve.APOTDUITests;
				PRODUCT_NAME = "$(TARGET_NAME)";
				SWIFT_VERSION = 4.0;
				TARGETED_DEVICE_FAMILY = "1,2";
				TEST_TARGET_NAME = APOTD;
			};
			name = Debug;
		};
		3D39D8901F92AB4600A2C6AA /* Release */ = {
			isa = XCBuildConfiguration;
			buildSettings = {
				ALWAYS_EMBED_SWIFT_STANDARD_LIBRARIES = YES;
				CODE_SIGN_STYLE = Automatic;
				DEVELOPMENT_TEAM = DT9W6CN32N;
				INFOPLIST_FILE = APOTDUITests/Info.plist;
				LD_RUNPATH_SEARCH_PATHS = "$(inherited) @executable_path/Frameworks @loader_path/Frameworks";
				PRODUCT_BUNDLE_IDENTIFIER = uk.co.willsolve.APOTDUITests;
				PRODUCT_NAME = "$(TARGET_NAME)";
				SWIFT_VERSION = 4.0;
				TARGETED_DEVICE_FAMILY = "1,2";
				TEST_TARGET_NAME = APOTD;
			};
			name = Release;
		};
/* End XCBuildConfiguration section */

/* Begin XCConfigurationList section */
		3D39D85B1F92AB4500A2C6AA /* Build configuration list for PBXProject "APOTD" */ = {
			isa = XCConfigurationList;
			buildConfigurations = (
				3D39D8861F92AB4600A2C6AA /* Debug */,
				3D39D8871F92AB4600A2C6AA /* Release */,
			);
			defaultConfigurationIsVisible = 0;
			defaultConfigurationName = Release;
		};
		3D39D8881F92AB4600A2C6AA /* Build configuration list for PBXNativeTarget "APOTD" */ = {
			isa = XCConfigurationList;
			buildConfigurations = (
				3D39D8891F92AB4600A2C6AA /* Debug */,
				3D39D88A1F92AB4600A2C6AA /* Release */,
			);
			defaultConfigurationIsVisible = 0;
			defaultConfigurationName = Release;
		};
		3D39D88B1F92AB4600A2C6AA /* Build configuration list for PBXNativeTarget "APOTDTests" */ = {
			isa = XCConfigurationList;
			buildConfigurations = (
				3D39D88C1F92AB4600A2C6AA /* Debug */,
				3D39D88D1F92AB4600A2C6AA /* Release */,
			);
			defaultConfigurationIsVisible = 0;
			defaultConfigurationName = Release;
		};
		3D39D88E1F92AB4600A2C6AA /* Build configuration list for PBXNativeTarget "APOTDUITests" */ = {
			isa = XCConfigurationList;
			buildConfigurations = (
				3D39D88F1F92AB4600A2C6AA /* Debug */,
				3D39D8901F92AB4600A2C6AA /* Release */,
			);
			defaultConfigurationIsVisible = 0;
			defaultConfigurationName = Release;
		};
/* End XCConfigurationList section */
	};
	rootObject = 3D39D8581F92AB4500A2C6AA /* Project object */;
}
